# This file is autogenerated, do not edit; changes may be undone by the next 'dep ensure'.


[[projects]]
  digest = "1:a380d27c41c511e97215723eb277f909c0f390b171e03334f2929850c875327b"
  name = "github.com/emersion/go-imap"
  packages = [
    ".",
    "backend",
    "client",
    "commands",
    "responses",
    "server",
    "utf7",
  ]
  pruneopts = "UT"
  revision = "8c4bfb47d0cae8efd2cc8f13ec25b391cf2b7051"
  version = "v1.0.0"

[[projects]]
  branch = "master"
  digest = "1:baeaeb55de4bc40dd2179f6c6baa23f752fcae972365088a88e8ce4e05d6ec1e"
  name = "github.com/emersion/go-imap-idle"
  packages = ["."]
  pruneopts = "UT"
  revision = "2704abd7050ed7f2143753554ee23affdf847bd9"

[[projects]]
  branch = "master"
  digest = "1:2ed41becb683be6c0a9c1470988f3ae41e71df30212bfb1ad25106ac726c4c91"
  name = "github.com/emersion/go-sasl"
  packages = ["."]
  pruneopts = "UT"
  revision = "36b50694675c0297acfc93e3fca8c8b7e5345831"

[[projects]]
  digest = "1:cc38c2209a6c1f94debdfd96934865a258eac2f905a8d3f8fd56e7d0cfb85edd"
  name = "golang.org/x/text"
  packages = [
    "encoding",
    "encoding/internal/identifier",
    "internal/gen",
    "transform",
    "unicode/cldr",
  ]
  pruneopts = "UT"
  revision = "342b2e1fbaa52c93f31447ad2c6abc048c63e475"
  version = "v0.3.2"

[solve-meta]
  analyzer-name = "dep"
  analyzer-version = 1
  input-imports = ["github.com/emersion/go-imap-idle"]
  solver-name = "gps-cdcl"
  solver-version = 1
